// !$*UTF8*$!
{
	archiveVersion = 1;
	classes = {
	};
	objectVersion = 46;
	objects = {

/* Begin PBXBuildFile section */
		DF27ED471DFEB9DA00770AAB /* Item+CoreDataClass.swift in Sources */ = {isa = PBXBuildFile; fileRef = DF27ED451DFEB9DA00770AAB /* Item+CoreDataClass.swift */; };
		DF27ED481DFEB9DA00770AAB /* Item+CoreDataProperties.swift in Sources */ = {isa = PBXBuildFile; fileRef = DF27ED461DFEB9DA00770AAB /* Item+CoreDataProperties.swift */; };
		DF27ED4B1DFEDCD500770AAB /* EditViewController.swift in Sources */ = {isa = PBXBuildFile; fileRef = DF27ED4A1DFEDCD500770AAB /* EditViewController.swift */; };
		DF27ED4D1DFEDEC300770AAB /* Constant.swift in Sources */ = {isa = PBXBuildFile; fileRef = DF27ED4C1DFEDEC300770AAB /* Constant.swift */; };
		DF7C9F4F1DFEB09C00135B13 /* CoreDataManager.swift in Sources */ = {isa = PBXBuildFile; fileRef = DF7C9F4E1DFEB09C00135B13 /* CoreDataManager.swift */; };
		DFBD683C1DCCB1E10078D4EC /* AppDelegate.swift in Sources */ = {isa = PBXBuildFile; fileRef = DFBD683B1DCCB1E10078D4EC /* AppDelegate.swift */; };
		DFBD683E1DCCB1E10078D4EC /* MainViewController.swift in Sources */ = {isa = PBXBuildFile; fileRef = DFBD683D1DCCB1E10078D4EC /* MainViewController.swift */; };
		DFBD68411DCCB1E10078D4EC /* Main.storyboard in Resources */ = {isa = PBXBuildFile; fileRef = DFBD683F1DCCB1E10078D4EC /* Main.storyboard */; };
		DFBD68441DCCB1E10078D4EC /* Grocery.xcdatamodeld in Sources */ = {isa = PBXBuildFile; fileRef = DFBD68421DCCB1E10078D4EC /* Grocery.xcdatamodeld */; };
		DFBD68461DCCB1E10078D4EC /* Assets.xcassets in Resources */ = {isa = PBXBuildFile; fileRef = DFBD68451DCCB1E10078D4EC /* Assets.xcassets */; };
		DFBD68491DCCB1E10078D4EC /* LaunchScreen.storyboard in Resources */ = {isa = PBXBuildFile; fileRef = DFBD68471DCCB1E10078D4EC /* LaunchScreen.storyboard */; };
/* End PBXBuildFile section */

/* Begin PBXFileReference section */
		DF27ED451DFEB9DA00770AAB /* Item+CoreDataClass.swift */ = {isa = PBXFileReference; fileEncoding = 4; lastKnownFileType = sourcecode.swift; path = "Item+CoreDataClass.swift"; sourceTree = "<group>"; };
		DF27ED461DFEB9DA00770AAB /* Item+CoreDataProperties.swift */ = {isa = PBXFileReference; fileEncoding = 4; lastKnownFileType = sourcecode.swift; path = "Item+CoreDataProperties.swift"; sourceTree = "<group>"; };
		DF27ED4A1DFEDCD500770AAB /* EditViewController.swift */ = {isa = PBXFileReference; fileEncoding = 4; lastKnownFileType = sourcecode.swift; path = EditViewController.swift; sourceTree = "<group>"; };
		DF27ED4C1DFEDEC300770AAB /* Constant.swift */ = {isa = PBXFileReference; fileEncoding = 4; lastKnownFileType = sourcecode.swift; path = Constant.swift; sourceTree = "<group>"; };
		DF7C9F4E1DFEB09C00135B13 /* CoreDataManager.swift */ = {isa = PBXFileReference; fileEncoding = 4; lastKnownFileType = sourcecode.swift; path = CoreDataManager.swift; sourceTree = "<group>"; };
		DFBD68381DCCB1E10078D4EC /* Grocery.app */ = {isa = PBXFileReference; explicitFileType = wrapper.application; includeInIndex = 0; path = Grocery.app; sourceTree = BUILT_PRODUCTS_DIR; };
		DFBD683B1DCCB1E10078D4EC /* AppDelegate.swift */ = {isa = PBXFileReference; lastKnownFileType = sourcecode.swift; path = AppDelegate.swift; sourceTree = "<group>"; };
		DFBD683D1DCCB1E10078D4EC /* MainViewController.swift */ = {isa = PBXFileReference; lastKnownFileType = sourcecode.swift; path = MainViewController.swift; sourceTree = "<group>"; };
		DFBD68401DCCB1E10078D4EC /* Base */ = {isa = PBXFileReference; lastKnownFileType = file.storyboard; name = Base; path = Base.lproj/Main.storyboard; sourceTree = "<group>"; };
		DFBD68431DCCB1E10078D4EC /* Grocery.xcdatamodel */ = {isa = PBXFileReference; lastKnownFileType = wrapper.xcdatamodel; path = Grocery.xcdatamodel; sourceTree = "<group>"; };
		DFBD68451DCCB1E10078D4EC /* Assets.xcassets */ = {isa = PBXFileReference; lastKnownFileType = folder.assetcatalog; path = Assets.xcassets; sourceTree = "<group>"; };
		DFBD68481DCCB1E10078D4EC /* Base */ = {isa = PBXFileReference; lastKnownFileType = file.storyboard; name = Base; path = Base.lproj/LaunchScreen.storyboard; sourceTree = "<group>"; };
		DFBD684A1DCCB1E10078D4EC /* Info.plist */ = {isa = PBXFileReference; lastKnownFileType = text.plist.xml; path = Info.plist; sourceTree = "<group>"; };
/* End PBXFileReference section */

/* Begin PBXFrameworksBuildPhase section */
		DFBD68351DCCB1E10078D4EC /* Frameworks */ = {
			isa = PBXFrameworksBuildPhase;
			buildActionMask = 2147483647;
			files = (
			);
			runOnlyForDeploymentPostprocessing = 0;
		};
/* End PBXFrameworksBuildPhase section */

/* Begin PBXGroup section */
		DF27ED491DFEBB0A00770AAB /* Model */ = {
			isa = PBXGroup;
			children = (
				DF7C9F4E1DFEB09C00135B13 /* CoreDataManager.swift */,
				DF27ED451DFEB9DA00770AAB /* Item+CoreDataClass.swift */,
				DF27ED461DFEB9DA00770AAB /* Item+CoreDataProperties.swift */,
			);
			name = Model;
			sourceTree = "<group>";
		};
		DFBD682F1DCCB1E10078D4EC = {
			isa = PBXGroup;
			children = (
				DFBD683A1DCCB1E10078D4EC /* Grocery */,
				DFBD68391DCCB1E10078D4EC /* Products */,
			);
			sourceTree = "<group>";
		};
		DFBD68391DCCB1E10078D4EC /* Products */ = {
			isa = PBXGroup;
			children = (
				DFBD68381DCCB1E10078D4EC /* Grocery.app */,
			);
			name = Products;
			sourceTree = "<group>";
		};
		DFBD683A1DCCB1E10078D4EC /* Grocery */ = {
			isa = PBXGroup;
			children = (
				DF27ED491DFEBB0A00770AAB /* Model */,
				DFBD683B1DCCB1E10078D4EC /* AppDelegate.swift */,
				DFBD683D1DCCB1E10078D4EC /* MainViewController.swift */,
				DF27ED4A1DFEDCD500770AAB /* EditViewController.swift */,
				DF27ED4C1DFEDEC300770AAB /* Constant.swift */,
				DFBD683F1DCCB1E10078D4EC /* Main.storyboard */,
				DFBD68451DCCB1E10078D4EC /* Assets.xcassets */,
				DFBD68471DCCB1E10078D4EC /* LaunchScreen.storyboard */,
				DFBD684A1DCCB1E10078D4EC /* Info.plist */,
				DFBD68421DCCB1E10078D4EC /* Grocery.xcdatamodeld */,
			);
			path = Grocery;
			sourceTree = "<group>";
		};
/* End PBXGroup section */

/* Begin PBXNativeTarget section */
		DFBD68371DCCB1E10078D4EC /* Grocery */ = {
			isa = PBXNativeTarget;
			buildConfigurationList = DFBD684D1DCCB1E10078D4EC /* Build configuration list for PBXNativeTarget "Grocery" */;
			buildPhases = (
				DFBD68341DCCB1E10078D4EC /* Sources */,
				DFBD68351DCCB1E10078D4EC /* Frameworks */,
				DFBD68361DCCB1E10078D4EC /* Resources */,
			);
			buildRules = (
			);
			dependencies = (
			);
			name = Grocery;
			productName = Grocery;
			productReference = DFBD68381DCCB1E10078D4EC /* Grocery.app */;
			productType = "com.apple.product-type.application";
		};
/* End PBXNativeTarget section */

/* Begin PBXProject section */
		DFBD68301DCCB1E10078D4EC /* Project object */ = {
			isa = PBXProject;
			attributes = {
				LastSwiftUpdateCheck = 0800;
				LastUpgradeCheck = 0810;
				ORGANIZATIONNAME = "Francesca Corsini";
				TargetAttributes = {
					DFBD68371DCCB1E10078D4EC = {
						CreatedOnToolsVersion = 8.0;
						DevelopmentTeam = F8Q5XK7RJ8;
						ProvisioningStyle = Automatic;
					};
				};
			};
			buildConfigurationList = DFBD68331DCCB1E10078D4EC /* Build configuration list for PBXProject "Grocery" */;
			compatibilityVersion = "Xcode 3.2";
			developmentRegion = English;
			hasScannedForEncodings = 0;
			knownRegions = (
				en,
				Base,
			);
			mainGroup = DFBD682F1DCCB1E10078D4EC;
			productRefGroup = DFBD68391DCCB1E10078D4EC /* Products */;
			projectDirPath = "";
			projectRoot = "";
			targets = (
				DFBD68371DCCB1E10078D4EC /* Grocery */,
			);
		};
/* End PBXProject section */

/* Begin PBXResourcesBuildPhase section */
		DFBD68361DCCB1E10078D4EC /* Resources */ = {
			isa = PBXResourcesBuildPhase;
			buildActionMask = 2147483647;
			files = (
				DFBD68491DCCB1E10078D4EC /* LaunchScreen.storyboard in Resources */,
				DFBD68461DCCB1E10078D4EC /* Assets.xcassets in Resources */,
				DFBD68411DCCB1E10078D4EC /* Main.storyboard in Resources */,
			);
			runOnlyForDeploymentPostprocessing = 0;
		};
/* End PBXResourcesBuildPhase section */

/* Begin PBXSourcesBuildPhase section */
		DFBD68341DCCB1E10078D4EC /* Sources */ = {
			isa = PBXSourcesBuildPhase;
			buildActionMask = 2147483647;
			files = (
				DF27ED481DFEB9DA00770AAB /* Item+CoreDataProperties.swift in Sources */,
				DF27ED471DFEB9DA00770AAB /* Item+CoreDataClass.swift in Sources */,
				DFBD68441DCCB1E10078D4EC /* Grocery.xcdatamodeld in Sources */,
				DF27ED4D1DFEDEC300770AAB /* Constant.swift in Sources */,
				DFBD683E1DCCB1E10078D4EC /* MainViewController.swift in Sources */,
				DF7C9F4F1DFEB09C00135B13 /* CoreDataManager.swift in Sources */,
				DFBD683C1DCCB1E10078D4EC /* AppDelegate.swift in Sources */,
				DF27ED4B1DFEDCD500770AAB /* EditViewController.swift in Sources */,
			);
			runOnlyForDeploymentPostprocessing = 0;
		};
/* End PBXSourcesBuildPhase section */

/* Begin PBXVariantGroup section */
		DFBD683F1DCCB1E10078D4EC /* Main.storyboard */ = {
			isa = PBXVariantGroup;
			children = (
				DFBD68401DCCB1E10078D4EC /* Base */,
			);
			name = Main.storyboard;
			sourceTree = "<group>";
		};
		DFBD68471DCCB1E10078D4EC /* LaunchScreen.storyboard */ = {
			isa = PBXVariantGroup;
			children = (
				DFBD68481DCCB1E10078D4EC /* Base */,
			);
			name = LaunchScreen.storyboard;
			sourceTree = "<group>";
		};
/* End PBXVariantGroup section */

/* Begin XCBuildConfiguration section */
		DFBD684B1DCCB1E10078D4EC /* Debug */ = {
			isa = XCBuildConfiguration;
			buildSettings = {
				ALWAYS_SEARCH_USER_PATHS = NO;
				CLANG_ANALYZER_NONNULL = YES;
				CLANG_CXX_LANGUAGE_STANDARD = "gnu++0x";
				CLANG_CXX_LIBRARY = "libc++";
				CLANG_ENABLE_MODULES = YES;
				CLANG_ENABLE_OBJC_ARC = YES;
				CLANG_WARN_BOOL_CONVERSION = YES;
				CLANG_WARN_CONSTANT_CONVERSION = YES;
				CLANG_WARN_DIRECT_OBJC_ISA_USAGE = YES_ERROR;
				CLANG_WARN_DOCUMENTATION_COMMENTS = YES;
				CLANG_WARN_EMPTY_BODY = YES;
				CLANG_WARN_ENUM_CONVERSION = YES;
				CLANG_WARN_INFINITE_RECURSION = YES;
				CLANG_WARN_INT_CONVERSION = YES;
				CLANG_WARN_OBJC_ROOT_CLASS = YES_ERROR;
				CLANG_WARN_SUSPICIOUS_MOVE = YES;
				CLANG_WARN_SUSPICIOUS_MOVES = YES;
				CLANG_WARN_UNREACHABLE_CODE = YES;
				CLANG_WARN__DUPLICATE_METHOD_MATCH = YES;
				"CODE_SIGN_IDENTITY[sdk=iphoneos*]" = "iPhone Developer";
				COPY_PHASE_STRIP = NO;
				DEBUG_INFORMATION_FORMAT = dwarf;
				ENABLE_STRICT_OBJC_MSGSEND = YES;
				ENABLE_TESTABILITY = YES;
				GCC_C_LANGUAGE_STANDARD = gnu99;
				GCC_DYNAMIC_NO_PIC = NO;
				GCC_NO_COMMON_BLOCKS = YES;
				GCC_OPTIMIZATION_LEVEL = 0;
				GCC_PREPROCESSOR_DEFINITIONS = (
					"DEBUG=1",
					"$(inherited)",
				);
				GCC_WARN_64_TO_32_BIT_CONVERSION = YES;
				GCC_WARN_ABOUT_RETURN_TYPE = YES_ERROR;
				GCC_WARN_UNDECLARED_SELECTOR = YES;
				GCC_WARN_UNINITIALIZED_AUTOS = YES_AGGRESSIVE;
				GCC_WARN_UNUSED_FUNCTION = YES;
				GCC_WARN_UNUSED_VARIABLE = YES;
				IPHONEOS_DEPLOYMENT_TARGET = 10.0;
				MTL_ENABLE_DEBUG_INFO = YES;
				ONLY_ACTIVE_ARCH = YES;
				SDKROOT = iphoneos;
				SWIFT_ACTIVE_COMPILATION_CONDITIONS = DEBUG;
				SWIFT_OPTIMIZATION_LEVEL = "-Onone";
				TARGETED_DEVICE_FAMILY = "1,2";
			};
			name = Debug;
		};
		DFBD684C1DCCB1E10078D4EC /* Release */ = {
			isa = XCBuildConfiguration;
			buildSettings = {
				ALWAYS_SEARCH_USER_PATHS = NO;
				CLANG_ANALYZER_NONNULL = YES;
				CLANG_CXX_LANGUAGE_STANDARD = "gnu++0x";
				CLANG_CXX_LIBRARY = "libc++";
				CLANG_ENABLE_MODULES = YES;
				CLANG_ENABLE_OBJC_ARC = YES;
				CLANG_WARN_BOOL_CONVERSION = YES;
				CLANG_WARN_CONSTANT_CONVERSION = YES;
				CLANG_WARN_DIRECT_OBJC_ISA_USAGE = YES_ERROR;
				CLANG_WARN_DOCUMENTATION_COMMENTS = YES;
				CLANG_WARN_EMPTY_BODY = YES;
				CLANG_WARN_ENUM_CONVERSION = YES;
				CLANG_WARN_INFINITE_RECURSION = YES;
				CLANG_WARN_INT_CONVERSION = YES;
				CLANG_WARN_OBJC_ROOT_CLASS = YES_ERROR;
				CLANG_WARN_SUSPICIOUS_MOVE = YES;
				CLANG_WARN_SUSPICIOUS_MOVES = YES;
				CLANG_WARN_UNREACHABLE_CODE = YES;
				CLANG_WARN__DUPLICATE_METHOD_MATCH = YES;
				"CODE_SIGN_IDENTITY[sdk=iphoneos*]" = "iPhone Developer";
				COPY_PHASE_STRIP = NO;
				DEBUG_INFORMATION_FORMAT = "dwarf-with-dsym";
				ENABLE_NS_ASSERTIONS = NO;
				ENABLE_STRICT_OBJC_MSGSEND = YES;
				GCC_C_LANGUAGE_STANDARD = gnu99;
				GCC_NO_COMMON_BLOCKS = YES;
				GCC_WARN_64_TO_32_BIT_CONVERSION = YES;
				GCC_WARN_ABOUT_RETURN_TYPE = YES_ERROR;
				GCC_WARN_UNDECLARED_SELECTOR = YES;
				GCC_WARN_UNINITIALIZED_AUTOS = YES_AGGRESSIVE;
				GCC_WARN_UNUSED_FUNCTION = YES;
				GCC_WARN_UNUSED_VARIABLE = YES;
				IPHONEOS_DEPLOYMENT_TARGET = 10.0;
				MTL_ENABLE_DEBUG_INFO = NO;
				SDKROOT = iphoneos;
				SWIFT_OPTIMIZATION_LEVEL = "-Owholemodule";
				TARGETED_DEVICE_FAMILY = "1,2";
				VALIDATE_PRODUCT = YES;
			};
			name = Release;
		};
		DFBD684E1DCCB1E10078D4EC /* Debug */ = {
			isa = XCBuildConfiguration;
			buildSettings = {
				ASSETCATALOG_COMPILER_APPICON_NAME = AppIcon;
				DEVELOPMENT_TEAM = F8Q5XK7RJ8;
				INFOPLIST_FILE = Grocery/Info.plist;
				LD_RUNPATH_SEARCH_PATHS = "$(inherited) @executable_path/Frameworks";
				PRODUCT_BUNDLE_IDENTIFIER = grocery.Grocery;
				PRODUCT_NAME = "$(TARGET_NAME)";
				SWIFT_VERSION = 3.0;
			};
			name = Debug;
		};
		DFBD684F1DCCB1E10078D4EC /* Release */ = {
			isa = XCBuildConfiguration;
			buildSettings = {
				ASSETCATALOG_COMPILER_APPICON_NAME = AppIcon;
				DEVELOPMENT_TEAM = F8Q5XK7RJ8;
				INFOPLIST_FILE = Grocery/Info.plist;
				LD_RUNPATH_SEARCH_PATHS = "$(inherited) @executable_path/Frameworks";
				PRODUCT_BUNDLE_IDENTIFIER = grocery.Grocery;
				PRODUCT_NAME = "$(TARGET_NAME)";
				SWIFT_VERSION = 3.0;
			};
			name = Release;
		};
/* End XCBuildConfiguration section */

/* Begin XCConfigurationList section */
		DFBD68331DCCB1E10078D4EC /* Build configuration list for PBXProject "Grocery" */ = {
			isa = XCConfigurationList;
			buildConfigurations = (
				DFBD684B1DCCB1E10078D4EC /* Debug */,
				DFBD684C1DCCB1E10078D4EC /* Release */,
			);
			defaultConfigurationIsVisible = 0;
			defaultConfigurationName = Release;
		};
		DFBD684D1DCCB1E10078D4EC /* Build configuration list for PBXNativeTarget "Grocery" */ = {
			isa = XCConfigurationList;
			buildConfigurations = (
				DFBD684E1DCCB1E10078D4EC /* Debug */,
				DFBD684F1DCCB1E10078D4EC /* Release */,
			);
			defaultConfigurationIsVisible = 0;
			defaultConfigurationName = Release;
		};
/* End XCConfigurationList section */

/* Begin XCVersionGroup section */
		DFBD68421DCCB1E10078D4EC /* Grocery.xcdatamodeld */ = {
			isa = XCVersionGroup;
			children = (
				DFBD68431DCCB1E10078D4EC /* Grocery.xcdatamodel */,
			);
			currentVersion = DFBD68431DCCB1E10078D4EC /* Grocery.xcdatamodel */;
			path = Grocery.xcdatamodeld;
			sourceTree = "<group>";
			versionGroupType = wrapper.xcdatamodel;
		};
/* End XCVersionGroup section */
	};
	rootObject = DFBD68301DCCB1E10078D4EC /* Project object */;
}
